
Microsoft Visual Studio Solution File, Format Version 12.00
# Visual Studio Version 17
VisualStudioVersion = 17.9.34616.47
MinimumVisualStudioVersion = 10.0.40219.1
Project("{9A19103F-16F7-4668-BE54-9A1E7A4F7556}") = "WebShop", "WebShop\WebShop.csproj", "{1A11A698-05C8-4057-9932-E1AD20EE0E67}"
EndProject
Project("{9A19103F-16F7-4668-BE54-9A1E7A4F7556}") = "WebShop.Client", "WebShop.Client\WebShop.Client.csproj", "{21B30A16-F867-4F6C-922F-41626CD495DF}"
EndProject
Global
	GlobalSection(SolutionConfigurationPlatforms) = preSolution
		Debug|Any CPU = Debug|Any CPU
		Release|Any CPU = Release|Any CPU
	EndGlobalSection
	GlobalSection(ProjectConfigurationPlatforms) = postSolution
		{1A11A698-05C8-4057-9932-E1AD20EE0E67}.Debug|Any CPU.ActiveCfg = Debug|Any CPU
		{1A11A698-05C8-4057-9932-E1AD20EE0E67}.Debug|Any CPU.Build.0 = Debug|Any CPU
		{1A11A698-05C8-4057-9932-E1AD20EE0E67}.Release|Any CPU.ActiveCfg = Release|Any CPU
		{1A11A698-05C8-4057-9932-E1AD20EE0E67}.Release|Any CPU.Build.0 = Release|Any CPU
		{21B30A16-F867-4F6C-922F-41626CD495DF}.Debug|Any CPU.ActiveCfg = Debug|Any CPU
		{21B30A16-F867-4F6C-922F-41626CD495DF}.Debug|Any CPU.Build.0 = Debug|Any CPU
		{21B30A16-F867-4F6C-922F-41626CD495DF}.Release|Any CPU.ActiveCfg = Release|Any CPU
		{21B30A16-F867-4F6C-922F-41626CD495DF}.Release|Any CPU.Build.0 = Release|Any CPU
	EndGlobalSection
	GlobalSection(SolutionProperties) = preSolution
		HideSolutionNode = FALSE
	EndGlobalSection
	GlobalSection(ExtensibilityGlobals) = postSolution
		SolutionGuid = {B4AB713F-C1A3-463D-A6D9-3D58F814BA24}
	EndGlobalSection
EndGlobal
